
Microsoft Visual Studio Solution File, Format Version 12.00
# Visual Studio 15
Project("{FAE04EC0-301F-11D3-BF4B-00C04F79EFBC}") = "Assembly-CSharp", "Assembly-CSharp.csproj", "{593EBE30-52B5-056D-1C74-92259286C223}"
EndProject
Project("{FAE04EC0-301F-11D3-BF4B-00C04F79EFBC}") = "Assembly-CSharp-firstpass", "Assembly-CSharp-firstpass.csproj", "{811B4B59-1DE0-09D9-3BBF-D250A88BE851}"
EndProject
Global
	GlobalSection(SolutionConfigurationPlatforms) = preSolution
		Debug|Any CPU = Debug|Any CPU
		Release|Any CPU = Release|Any CPU
	EndGlobalSection
	GlobalSection(ProjectConfigurationPlatforms) = postSolution
		{593EBE30-52B5-056D-1C74-92259286C223}.Debug|Any CPU.ActiveCfg = Debug|Any CPU
		{593EBE30-52B5-056D-1C74-92259286C223}.Debug|Any CPU.Build.0 = Debug|Any CPU
		{593EBE30-52B5-056D-1C74-92259286C223}.Release|Any CPU.ActiveCfg = Release|Any CPU
		{593EBE30-52B5-056D-1C74-92259286C223}.Release|Any CPU.Build.0 = Release|Any CPU
		{811B4B59-1DE0-09D9-3BBF-D250A88BE851}.Debug|Any CPU.ActiveCfg = Debug|Any CPU
		{811B4B59-1DE0-09D9-3BBF-D250A88BE851}.Debug|Any CPU.Build.0 = Debug|Any CPU
		{811B4B59-1DE0-09D9-3BBF-D250A88BE851}.Release|Any CPU.ActiveCfg = Release|Any CPU
		{811B4B59-1DE0-09D9-3BBF-D250A88BE851}.Release|Any CPU.Build.0 = Release|Any CPU
	EndGlobalSection
	GlobalSection(SolutionProperties) = preSolution
		HideSolutionNode = FALSE
	EndGlobalSection
	GlobalSection(MonoDevelopProperties) = preSolution
		StartupItem = Assembly-CSharp.csproj
	EndGlobalSection
EndGlobal
